dependencies:
  '@tools/places': 'link:../places'
  '@tools/traverse': 'link:../traverse'
  '@types/fs-extra': 8.1.0
  fs-extra: 8.1.0
lockfileVersion: 5.1
packages:
  /@types/fs-extra/8.1.0:
    dependencies:
      '@types/node': 13.7.7
    dev: false
    resolution:
      integrity: sha512-UoOfVEzAUpeSPmjm7h1uk5MH6KZma2z2O7a75onTGjnNvAvMVrPzPL/vBbT65iIGHWj6rokwfmYcmxmlSf2uwg==
  /@types/node/13.7.7:
    dev: false
    resolution:
      integrity: sha512-Uo4chgKbnPNlxQwoFmYIwctkQVkMMmsAoGGU4JKwLuvBefF0pCq4FybNSnfkfRCpC7ZW7kttcC/TrRtAJsvGtg==
  /fs-extra/8.1.0:
    dependencies:
      graceful-fs: 4.2.3
      jsonfile: 4.0.0
      universalify: 0.1.2
    dev: false
    engines:
      node: '>=6 <7 || >=8'
    resolution:
      integrity: sha512-yhlQgA6mnOJUKOsRUFsgJdQCvkKhcz8tlZG5HBQfReYZy46OwLcY+Zia0mtdHsOo9y/hP+CxMN0TU9QxoOtG4g==
  /graceful-fs/4.2.3:
    dev: false
    resolution:
      integrity: sha512-a30VEBm4PEdx1dRB7MFK7BejejvCvBronbLjht+sHuGYj8PHs7M/5Z+rt5lw551vZ7yfTCj4Vuyy3mSJytDWRQ==
  /jsonfile/4.0.0:
    dev: false
    optionalDependencies:
      graceful-fs: 4.2.3
    resolution:
      integrity: sha1-h3Gq4HmbZAdrdmQPygWPnBDjPss=
  /universalify/0.1.2:
    dev: false
    engines:
      node: '>= 4.0.0'
    resolution:
      integrity: sha512-rBJeI5CXAlmy1pV+617WB9J63U6XcazHHF2f2dbJix4XzpUF0RS3Zbj0FGIOCAva5P/d/GBOYaACQ1w+0azUkg==
specifiers:
  '@tools/places': 'file:../places'
  '@tools/traverse': 'file:../traverse'
  '@types/fs-extra': ^8.1.0
  fs-extra: ^8.1.0
