dependencies:
  '@tools/places': 'link:../places'
  '@tools/preloaded-node': 'link:../preloaded-node'
  '@tools/utils': 'link:../utils'
  '@tsfun/array': 0.0.2
  '@types/fs-extra': 8.1.0
  '@types/minimatch': 3.0.3
  '@types/pretty': 2.0.0
  chalk: 4.0.0
  fs-extra: 8.1.0
  minimatch: 3.0.4
  pretty: 2.0.0
  typedoc: 0.16.11
lockfileVersion: 5.1
packages:
  /@tsfun/array/0.0.2:
    dependencies:
      '@types/node': 13.7.4
      tslib: 1.10.0
    dev: false
    resolution:
      integrity: sha512-Slm4H9fgnivx68Bghgv0/1r4sBrUUzcIoQlEBL6fOeUHRwa5fM0qfxQo1bbXJxSPE1cXxUpkvCXT5HIoRZMVsg==
  /@types/color-name/1.1.1:
    dev: false
    resolution:
      integrity: sha512-rr+OQyAjxze7GgWrSaJwydHStIhHq2lvY3BOC2Mj7KnzI7XK0Uw1TOOdI9lDoajEbSWLiYgoo4f1R51erQfhPQ==
  /@types/fs-extra/8.1.0:
    dependencies:
      '@types/node': 13.7.4
    dev: false
    resolution:
      integrity: sha512-UoOfVEzAUpeSPmjm7h1uk5MH6KZma2z2O7a75onTGjnNvAvMVrPzPL/vBbT65iIGHWj6rokwfmYcmxmlSf2uwg==
  /@types/minimatch/3.0.3:
    dev: false
    resolution:
      integrity: sha512-tHq6qdbT9U1IRSGf14CL0pUlULksvY9OZ+5eEgl1N7t+OA3tGvNpxJCzuKQlsNgCVwbAs670L1vcVQi8j9HjnA==
  /@types/node/13.7.4:
    dev: false
    resolution:
      integrity: sha512-oVeL12C6gQS/GAExndigSaLxTrKpQPxewx9bOcwfvJiJge4rr7wNaph4J+ns5hrmIV2as5qxqN8YKthn9qh0jw==
  /@types/pretty/2.0.0:
    dev: false
    resolution:
      integrity: sha512-nojaE6CV03swMxoHnAisV2Rl0Ma6WPUtQo87hUmaotu/YPugPlmiRB60sthbyppXdMFTdJV3wm6zCENY4q1tKA==
  /abbrev/1.1.1:
    dev: false
    resolution:
      integrity: sha512-nne9/IiQ/hzIhY6pdDnbBtz7DjPTKrY00P/zvPSm5pOFkl6xuGrGnXn/VtTNNfNtAfZ9/1RtehkszU9qcTii0Q==
  /ansi-styles/4.2.1:
    dependencies:
      '@types/color-name': 1.1.1
      color-convert: 2.0.1
    dev: false
    engines:
      node: '>=8'
    resolution:
      integrity: sha512-9VGjrMsG1vePxcSweQsN20KY/c4zN0h9fLjqAbwbPfahM3t+NL+M9HC8xeXG2I8pX5NoamTGNuomEUFI7fcUjA==
  /backbone/1.4.0:
    dependencies:
      underscore: 1.9.1
    dev: false
    resolution:
      integrity: sha512-RLmDrRXkVdouTg38jcgHhyQ/2zjg7a8E6sz2zxfz21Hh17xDJYUHBZimVIt5fUyS8vbfpeSmTL3gUjTEvUV3qQ==
  /balanced-match/1.0.0:
    dev: false
    resolution:
      integrity: sha1-ibTRmasr7kneFk6gK4nORi1xt2c=
  /brace-expansion/1.1.11:
    dependencies:
      balanced-match: 1.0.0
      concat-map: 0.0.1
    dev: false
    resolution:
      integrity: sha512-iCuPHDFgrHX7H2vEI/5xpz07zSHB00TpugqhmYtVmMO6518mCuRMoOYFldEBl0g187ufozdaHgWKcYFb61qGiA==
  /chalk/4.0.0:
    dependencies:
      ansi-styles: 4.2.1
      supports-color: 7.1.0
    dev: false
    engines:
      node: '>=10'
    resolution:
      integrity: sha512-N9oWFcegS0sFr9oh1oz2d7Npos6vNoWW9HvtCg5N1KRFpUhaAhvTv5Y58g880fZaEYSNm3qDz8SU1UrGvp+n7A==
  /color-convert/2.0.1:
    dependencies:
      color-name: 1.1.4
    dev: false
    engines:
      node: '>=7.0.0'
    resolution:
      integrity: sha512-RRECPsj7iu/xb5oKYcsFHSppFNnsj/52OVTRKb4zP5onXwVF3zVmmToNcOfGC+CRDpfK/U584fMg38ZHCaElKQ==
  /color-name/1.1.4:
    dev: false
    resolution:
      integrity: sha512-dOy+3AuW3a2wNbZHIuMZpTcgjGuLU/uBL/ubcZF9OXbDo8ff4O8yVp5Bf0efS8uEoYo5q4Fx7dY9OgQGXgAsQA==
  /commander/2.20.1:
    dev: false
    resolution:
      integrity: sha512-cCuLsMhJeWQ/ZpsFTbE765kvVfoeSddc4nU3up4fV+fDBcfUXnbITJ+JzhkdjzOqhURjZgujxaioam4RM9yGUg==
  /commander/2.20.3:
    dev: false
    optional: true
    resolution:
      integrity: sha512-GpVkmM8vF2vQUkj2LvZmD35JxeJOLCwJ9cUkugyk2nuhbv3+mJvpLYYt+0+USMxE+oj+ey/lJEnhZw75x/OMcQ==
  /concat-map/0.0.1:
    dev: false
    resolution:
      integrity: sha1-2Klr13/Wjfd5OnMDajug1UBdR3s=
  /condense-newlines/0.2.1:
    dependencies:
      extend-shallow: 2.0.1
      is-whitespace: 0.3.0
      kind-of: 3.2.2
    dev: false
    engines:
      node: '>=0.10.0'
    resolution:
      integrity: sha1-PemFVTE5R10yUCyDsC9gaE0kxV8=
  /config-chain/1.1.12:
    dependencies:
      ini: 1.3.5
      proto-list: 1.2.4
    dev: false
    resolution:
      integrity: sha512-a1eOIcu8+7lUInge4Rpf/n4Krkf3Dd9lqhljRzII1/Zno/kRtUWnznPO3jOKBmTEktkt3fkxisUcivoj0ebzoA==
  /editorconfig/0.15.3:
    dependencies:
      commander: 2.20.1
      lru-cache: 4.1.5
      semver: 5.7.1
      sigmund: 1.0.1
    dev: false
    hasBin: true
    resolution:
      integrity: sha512-M9wIMFx96vq0R4F+gRpY3o2exzb8hEj/n9S8unZtHSvYjibBp/iMufSzvmOcV/laG0ZtuTVGtiJggPOSW2r93g==
  /extend-shallow/2.0.1:
    dependencies:
      is-extendable: 0.1.1
    dev: false
    engines:
      node: '>=0.10.0'
    resolution:
      integrity: sha1-Ua99YUrZqfYQ6huvu5idaxxWiQ8=
  /fs-extra/8.1.0:
    dependencies:
      graceful-fs: 4.2.2
      jsonfile: 4.0.0
      universalify: 0.1.2
    dev: false
    engines:
      node: '>=6 <7 || >=8'
    resolution:
      integrity: sha512-yhlQgA6mnOJUKOsRUFsgJdQCvkKhcz8tlZG5HBQfReYZy46OwLcY+Zia0mtdHsOo9y/hP+CxMN0TU9QxoOtG4g==
  /fs.realpath/1.0.0:
    dev: false
    resolution:
      integrity: sha1-FQStJSMVjKpA20onh8sBQRmU6k8=
  /glob/7.1.4:
    dependencies:
      fs.realpath: 1.0.0
      inflight: 1.0.6
      inherits: 2.0.4
      minimatch: 3.0.4
      once: 1.4.0
      path-is-absolute: 1.0.1
    dev: false
    resolution:
      integrity: sha512-hkLPepehmnKk41pUGm3sYxoFs/umurYfYJCerbXEyFIWcAzvpipAgVkBqqT9RBKMGjnq6kMuyYwha6csxbiM1A==
  /glob/7.1.5:
    dependencies:
      fs.realpath: 1.0.0
      inflight: 1.0.6
      inherits: 2.0.4
      minimatch: 3.0.4
      once: 1.4.0
      path-is-absolute: 1.0.1
    dev: false
    resolution:
      integrity: sha512-J9dlskqUXK1OeTOYBEn5s8aMukWMwWfs+rPTn/jn50Ux4MNXVhubL1wu/j2t+H4NVI+cXEcCaYellqaPVGXNqQ==
  /graceful-fs/4.2.2:
    dev: false
    resolution:
      integrity: sha512-IItsdsea19BoLC7ELy13q1iJFNmd7ofZH5+X/pJr90/nRoPEX0DJo1dHDbgtYWOhJhcCgMDTOw84RZ72q6lB+Q==
  /handlebars/4.7.2:
    dependencies:
      neo-async: 2.6.1
      optimist: 0.6.1
      source-map: 0.6.1
    dev: false
    engines:
      node: '>=0.4.7'
    hasBin: true
    optionalDependencies:
      uglify-js: 3.6.0
    resolution:
      integrity: sha512-4PwqDL2laXtTWZghzzCtunQUTLbo31pcCJrd/B/9JP8XbhVzpS5ZXuKqlOzsd1rtcaLo4KqAn8nl8mkknS4MHw==
  /has-flag/4.0.0:
    dev: false
    engines:
      node: '>=8'
    resolution:
      integrity: sha512-EykJT/Q1KjTWctppgIAgfSO0tKVuZUjhgMr17kqTumMl6Afv3EISleU7qZUzoXDFTAHTDC4NOoG/ZxU3EvlMPQ==
  /highlight.js/9.17.1:
    dependencies:
      handlebars: 4.7.2
    dev: false
    resolution:
      integrity: sha512-TA2/doAur5Ol8+iM3Ov7qy3jYcr/QiJ2eDTdRF4dfbjG7AaaB99J5G+zSl11ljbl6cIcahgPY6SKb3sC3EJ0fw==
  /inflight/1.0.6:
    dependencies:
      once: 1.4.0
      wrappy: 1.0.2
    dev: false
    resolution:
      integrity: sha1-Sb1jMdfQLQwJvJEKEHW6gWW1bfk=
  /inherits/2.0.4:
    dev: false
    resolution:
      integrity: sha512-k/vGaX4/Yla3WzyMCvTQOXYeIHvqOKtnqBduzTHpzpQZzAskKMhZ2K+EnBiSM9zGSoIFeMpXKxa4dYeZIQqewQ==
  /ini/1.3.5:
    dev: false
    resolution:
      integrity: sha512-RZY5huIKCMRWDUqZlEi72f/lmXKMvuszcMBduliQ3nnWbx9X/ZBQO7DijMEYS9EhHBb2qacRUMtC7svLwe0lcw==
  /interpret/1.2.0:
    dev: false
    engines:
      node: '>= 0.10'
    resolution:
      integrity: sha512-mT34yGKMNceBQUoVn7iCDKDntA7SC6gycMAWzGx1z/CMCTV7b2AAtXlo3nRyHZ1FelRkQbQjprHSYGwzLtkVbw==
  /is-buffer/1.1.6:
    dev: false
    resolution:
      integrity: sha512-NcdALwpXkTm5Zvvbk7owOUSvVvBKDgKP5/ewfXEznmQFfs4ZRmanOeKBTjRVjka3QFoN6XJ+9F3USqfHqTaU5w==
  /is-extendable/0.1.1:
    dev: false
    engines:
      node: '>=0.10.0'
    resolution:
      integrity: sha1-YrEQ4omkcUGOPsNqYX1HLjAd/Ik=
  /is-whitespace/0.3.0:
    dev: false
    engines:
      node: '>=0.10.0'
    resolution:
      integrity: sha1-Fjnssb4DauxppUy7QBz77XEUq38=
  /jquery/3.4.1:
    dev: false
    resolution:
      integrity: sha512-36+AdBzCL+y6qjw5Tx7HgzeGCzC81MDDgaUP8ld2zhx58HdqXGoBd+tHdrBMiyjGQs0Hxs/MLZTu/eHNJJuWPw==
  /js-beautify/1.10.2:
    dependencies:
      config-chain: 1.1.12
      editorconfig: 0.15.3
      glob: 7.1.4
      mkdirp: 0.5.1
      nopt: 4.0.1
    dev: false
    hasBin: true
    resolution:
      integrity: sha512-ZtBYyNUYJIsBWERnQP0rPN9KjkrDfJcMjuVGcvXOUJrD1zmOGwhRwQ4msG+HJ+Ni/FA7+sRQEMYVzdTQDvnzvQ==
  /jsonfile/4.0.0:
    dev: false
    optionalDependencies:
      graceful-fs: 4.2.2
    resolution:
      integrity: sha1-h3Gq4HmbZAdrdmQPygWPnBDjPss=
  /kind-of/3.2.2:
    dependencies:
      is-buffer: 1.1.6
    dev: false
    engines:
      node: '>=0.10.0'
    resolution:
      integrity: sha1-MeohpzS6ubuw8yRm2JOupR5KPGQ=
  /lodash/4.17.15:
    dev: false
    resolution:
      integrity: sha512-8xOcRHvCjnocdS5cpwXQXVzmmh5e5+saE2QGoeQmbKmRS6J3VQppPOIt0MnmE+4xlZoumy0GPG0D0MVIQbNA1A==
  /lru-cache/4.1.5:
    dependencies:
      pseudomap: 1.0.2
      yallist: 2.1.2
    dev: false
    resolution:
      integrity: sha512-sWZlbEP2OsHNkXrMl5GYk/jKk70MBng6UU4YI/qGDYbgf6YbP4EvmqISbXCoJiRKs+1bSpFHVgQxvJ17F2li5g==
  /lunr/2.3.8:
    dev: false
    resolution:
      integrity: sha512-oxMeX/Y35PNFuZoHp+jUj5OSEmLCaIH4KTFJh7a93cHBoFmpw2IoPs22VIz7vyO2YUnx2Tn9dzIwO2P/4quIRg==
  /marked/0.8.0:
    dev: false
    engines:
      node: '>= 8.16.2'
    hasBin: true
    resolution:
      integrity: sha512-MyUe+T/Pw4TZufHkzAfDj6HarCBWia2y27/bhuYkTaiUnfDYFnCP3KUN+9oM7Wi6JA2rymtVYbQu3spE0GCmxQ==
  /minimatch/3.0.4:
    dependencies:
      brace-expansion: 1.1.11
    dev: false
    resolution:
      integrity: sha512-yJHVQEhyqPLUTgt9B83PXu6W3rx4MvvHvSUvToogpwoGDOUQ+yDrR0HRot+yOCdCO7u4hX3pWft6kWBBcqh0UA==
  /minimist/0.0.10:
    dev: false
    resolution:
      integrity: sha1-3j+YVD2/lggr5IrRoMfNqDYwHc8=
  /minimist/0.0.8:
    dev: false
    resolution:
      integrity: sha1-hX/Kv8M5fSYluCKCYuhqp6ARsF0=
  /mkdirp/0.5.1:
    dependencies:
      minimist: 0.0.8
    dev: false
    hasBin: true
    resolution:
      integrity: sha1-MAV0OOrGz3+MR2fzhkjWaX11yQM=
  /neo-async/2.6.1:
    dev: false
    resolution:
      integrity: sha512-iyam8fBuCUpWeKPGpaNMetEocMt364qkCsfL9JuhjXX6dRnguRVOfk2GZaDpPjcOKiiXCPINZC1GczQ7iTq3Zw==
  /nopt/4.0.1:
    dependencies:
      abbrev: 1.1.1
      osenv: 0.1.5
    dev: false
    hasBin: true
    resolution:
      integrity: sha1-0NRoWv1UFRk8jHUFYC0NF81kR00=
  /once/1.4.0:
    dependencies:
      wrappy: 1.0.2
    dev: false
    resolution:
      integrity: sha1-WDsap3WWHUsROsF9nFC6753Xa9E=
  /optimist/0.6.1:
    dependencies:
      minimist: 0.0.10
      wordwrap: 0.0.3
    dev: false
    resolution:
      integrity: sha1-2j6nRob6IaGaERwybpDrFaAZZoY=
  /os-homedir/1.0.2:
    dev: false
    engines:
      node: '>=0.10.0'
    resolution:
      integrity: sha1-/7xJiDNuDoM94MFox+8VISGqf7M=
  /os-tmpdir/1.0.2:
    dev: false
    engines:
      node: '>=0.10.0'
    resolution:
      integrity: sha1-u+Z0BseaqFxc/sdm/lc0VV36EnQ=
  /osenv/0.1.5:
    dependencies:
      os-homedir: 1.0.2
      os-tmpdir: 1.0.2
    dev: false
    resolution:
      integrity: sha512-0CWcCECdMVc2Rw3U5w9ZjqX6ga6ubk1xDVKxtBQPK7wis/0F2r9T6k4ydGYhecl7YUBxBVxhL5oisPsNxAPe2g==
  /path-is-absolute/1.0.1:
    dev: false
    engines:
      node: '>=0.10.0'
    resolution:
      integrity: sha1-F0uSaHNVNP+8es5r9TpanhtcX18=
  /path-parse/1.0.6:
    dev: false
    resolution:
      integrity: sha512-GSmOT2EbHrINBf9SR7CDELwlJ8AENk3Qn7OikK4nFYAu3Ote2+JYNVvkpAEQm3/TLNEJFD/xZJjzyxg3KBWOzw==
  /pretty/2.0.0:
    dependencies:
      condense-newlines: 0.2.1
      extend-shallow: 2.0.1
      js-beautify: 1.10.2
    dev: false
    engines:
      node: '>=0.10.0'
    resolution:
      integrity: sha1-rbx5YLe7/iiaVX3F9zdhmiINBqU=
  /progress/2.0.3:
    dev: false
    engines:
      node: '>=0.4.0'
    resolution:
      integrity: sha512-7PiHtLll5LdnKIMw100I+8xJXR5gW2QwWYkT6iJva0bXitZKa/XMrSbdmg3r2Xnaidz9Qumd0VPaMrZlF9V9sA==
  /proto-list/1.2.4:
    dev: false
    resolution:
      integrity: sha1-IS1b/hMYMGpCD2QCuOJv85ZHqEk=
  /pseudomap/1.0.2:
    dev: false
    resolution:
      integrity: sha1-8FKijacOYYkX7wqKw0wa5aaChrM=
  /rechoir/0.6.2:
    dependencies:
      resolve: 1.12.0
    dev: false
    engines:
      node: '>= 0.10'
    resolution:
      integrity: sha1-hSBLVNuoLVdC4oyWdW70OvUOM4Q=
  /resolve/1.12.0:
    dependencies:
      path-parse: 1.0.6
    dev: false
    resolution:
      integrity: sha512-B/dOmuoAik5bKcD6s6nXDCjzUKnaDvdkRyAk6rsmsKLipWj4797iothd7jmmUhWTfinVMU+wc56rYKsit2Qy4w==
  /semver/5.7.1:
    dev: false
    hasBin: true
    resolution:
      integrity: sha512-sauaDf/PZdVgrLTNYHRtpXa1iRiKcaebiKQ1BJdpQlWH2lCvexQdX55snPFyK7QzpudqbCI0qXFfOasHdyNDGQ==
  /shelljs/0.8.3:
    dependencies:
      glob: 7.1.5
      interpret: 1.2.0
      rechoir: 0.6.2
    dev: false
    engines:
      node: '>=4'
    hasBin: true
    resolution:
      integrity: sha512-fc0BKlAWiLpwZljmOvAOTE/gXawtCoNrP5oaY7KIaQbbyHeQVg01pSEuEGvGh3HEdBU4baCD7wQBwADmM/7f7A==
  /sigmund/1.0.1:
    dev: false
    resolution:
      integrity: sha1-P/IfGYytIXX587eBhT/ZTQ0ZtZA=
  /source-map/0.6.1:
    dev: false
    engines:
      node: '>=0.10.0'
    resolution:
      integrity: sha512-UjgapumWlbMhkBgzT7Ykc5YXUT46F0iKu8SGXq0bcwP5dz/h0Plj6enJqjz1Zbq2l5WaqYnrVbwWOWMyF3F47g==
  /supports-color/7.1.0:
    dependencies:
      has-flag: 4.0.0
    dev: false
    engines:
      node: '>=8'
    resolution:
      integrity: sha512-oRSIpR8pxT1Wr2FquTNnGet79b3BWljqOuoW/h4oBhxJ/HUbX5nX6JSruTkvXDCFMwDPvsaTTbvMLKZWSy0R5g==
  /tslib/1.10.0:
    dev: false
    resolution:
      integrity: sha512-qOebF53frne81cf0S9B41ByenJ3/IuH8yJKngAX35CmiZySA0khhkovshKK+jGCaMnVomla7gVlIcc3EvKPbTQ==
  /typedoc-default-themes/0.7.2:
    dependencies:
      backbone: 1.4.0
      jquery: 3.4.1
      lunr: 2.3.8
      underscore: 1.9.1
    dev: false
    engines:
      node: '>= 8'
    resolution:
      integrity: sha512-fiFKlFO6VTqjcno8w6WpTsbCgXmfPHVjnLfYkmByZE7moaz+E2DSpAT+oHtDHv7E0BM5kAhPrHJELP2J2Y2T9A==
  /typedoc/0.16.11:
    dependencies:
      '@types/minimatch': 3.0.3
      fs-extra: 8.1.0
      handlebars: 4.7.2
      highlight.js: 9.17.1
      lodash: 4.17.15
      marked: 0.8.0
      minimatch: 3.0.4
      progress: 2.0.3
      shelljs: 0.8.3
      typedoc-default-themes: 0.7.2
      typescript: 3.7.5
    dev: false
    engines:
      node: '>= 8.0.0'
    hasBin: true
    resolution:
      integrity: sha512-YEa5i0/n0yYmLJISJ5+po6seYfJQJ5lQYcHCPF9ffTF92DB/TAZO/QrazX5skPHNPtmlIht5FdTXCM2kC7jQFQ==
  /typescript/3.7.5:
    dev: false
    engines:
      node: '>=4.2.0'
    hasBin: true
    resolution:
      integrity: sha512-/P5lkRXkWHNAbcJIiHPfRoKqyd7bsyCma1hZNUGfn20qm64T6ZBlrzprymeu918H+mB/0rIg2gGK/BXkhhYgBw==
  /uglify-js/3.6.0:
    dependencies:
      commander: 2.20.3
      source-map: 0.6.1
    dev: false
    engines:
      node: '>=0.8.0'
    hasBin: true
    optional: true
    resolution:
      integrity: sha512-W+jrUHJr3DXKhrsS7NUVxn3zqMOFn0hL/Ei6v0anCIMoKC93TjcflTagwIHLW7SfMFfiQuktQyFVCFHGUE0+yg==
  /underscore/1.9.1:
    dev: false
    resolution:
      integrity: sha512-5/4etnCkd9c8gwgowi5/om/mYO5ajCaOgdzj/oW+0eQV9WxKBDZw5+ycmKmeaTXjInS/W0BzpGLo2xR2aBwZdg==
  /universalify/0.1.2:
    dev: false
    engines:
      node: '>= 4.0.0'
    resolution:
      integrity: sha512-rBJeI5CXAlmy1pV+617WB9J63U6XcazHHF2f2dbJix4XzpUF0RS3Zbj0FGIOCAva5P/d/GBOYaACQ1w+0azUkg==
  /wordwrap/0.0.3:
    dev: false
    engines:
      node: '>=0.4.0'
    resolution:
      integrity: sha1-o9XabNXAvAAI03I0u68b7WMFkQc=
  /wrappy/1.0.2:
    dev: false
    resolution:
      integrity: sha1-tSQ9jz7BqjXxNkYFvA0QNuMKtp8=
  /yallist/2.1.2:
    dev: false
    resolution:
      integrity: sha1-HBH5IY8HYImkfdUS+TxmmaaoHVI=
specifiers:
  '@tools/places': 'file:../places'
  '@tools/preloaded-node': 'file:../preloaded-node'
  '@tools/utils': 'file:../utils'
  '@tsfun/array': ^0.0.2
  '@types/fs-extra': ^8.1.0
  '@types/minimatch': ^3.0.3
  '@types/pretty': ^2.0.0
  chalk: ^4.0.0
  fs-extra: ^8.1.0
  minimatch: ^3.0.4
  pretty: ^2.0.0
  typedoc: ^0.16.11
