dependencies:
  '@tools/clean-typescript-build': 'link:../clean-typescript-build'
  '@tools/git-tag-versions': 'link:../git-tag-versions'
  '@tools/ignore-file': 'link:../ignore-file'
  '@tools/jest': 'link:../jest'
  '@tools/places': 'link:../places'
  '@tools/preloaded-node': 'link:../preloaded-node'
  '@tools/standardjs': 'link:../standardjs'
  '@tools/tslint': 'link:../tslint'
  '@tools/typescript': 'link:../typescript'
  '@tools/workspace': 'link:../workspace'
  chalk: 2.4.2
  exec-inline: 0.0.2
  number-enum: 3.0.0
lockfileVersion: 5.1
packages:
  /@babel/runtime-corejs2/7.3.4:
    dependencies:
      core-js: 2.6.5
      regenerator-runtime: 0.12.1
    dev: false
    resolution:
      integrity: sha512-QwPuQE65kNxjsNKk34Rfgen2R5fk0J2So99SD45uXBp34QOfyz11SqVgJ4xvyCpnCIieSQ0X0hSSc9z/ymlJJw==
  /@babel/runtime/7.3.4:
    dependencies:
      regenerator-runtime: 0.12.1
    dev: false
    resolution:
      integrity: sha512-IvfvnMdSaLBateu0jfsYIpZTxAc2cKEXEMiezGGN75QcBcecDUKd3PgLAncT0oOgxKy8dd8hrJKj9MfzgfZd6g==
  /@types/node/10.12.30:
    dev: false
    resolution:
      integrity: sha512-nsqTN6zUcm9xtdJiM9OvOJ5EF0kOI8f1Zuug27O/rgtxCRJHGqncSWfCMZUP852dCKPsDsYXGvBhxfRjDBkF5Q==
  /ansi-styles/3.2.1:
    dependencies:
      color-convert: 1.9.3
    dev: false
    engines:
      node: '>=4'
    resolution:
      integrity: sha512-VT0ZI6kZRdTh8YyJw3SMbYm/u+NqfsAxEpWO0Pf9sq8/e94WxxOpPKx9FR1FlyCtOVDNOQ+8ntlqFxiRc+r5qA==
  /chalk/2.4.2:
    dependencies:
      ansi-styles: 3.2.1
      escape-string-regexp: 1.0.5
      supports-color: 5.5.0
    dev: false
    engines:
      node: '>=4'
    resolution:
      integrity: sha512-Mti+f9lpJNcwF4tWV8/OrTTtF1gZi+f8FqlyAdouralcFWFQWF2+NgCHShjkCb+IFBLq9buZwE1xckQU4peSuQ==
  /color-convert/1.9.3:
    dependencies:
      color-name: 1.1.3
    dev: false
    resolution:
      integrity: sha512-QfAUtd+vFdAtFQcC8CCyYt1fYWxSqAiK2cSD6zDB8N3cpsEBAvRxp9zOGg6G/SHHJYAT88/az/IuDGALsNVbGg==
  /color-name/1.1.3:
    dev: false
    resolution:
      integrity: sha1-p9BVi9icQveV3UIyj3QIMcpTvCU=
  /core-js/2.6.5:
    dev: false
    resolution:
      integrity: sha512-klh/kDpwX8hryYL14M9w/xei6vrv6sE8gTHDG7/T/+SEovB/G4ejwcfE/CBzO6Edsu+OETZMZ3wcX/EjUkrl5A==
  /dequeue/1.0.5:
    dev: false
    resolution:
      integrity: sha1-EPHO8H4yNLIdyzj0v6LWYDSrZ8c=
  /escape-string-regexp/1.0.5:
    dev: false
    engines:
      node: '>=0.8.0'
    resolution:
      integrity: sha1-G2HAViGQqN/2rjuyzwIAyhMLhtQ=
  /exec-inline/0.0.2:
    dependencies:
      '@types/node': 10.12.30
      tslib: 1.9.3
    dev: false
    engines:
      node: '>= 8.9.0'
    resolution:
      integrity: sha512-Y37NLc/InNSvORukAagfNmkXiqwgqixZDJFQ6xm0H2wruImOte9g3151nmjWS+WpzdSyFpDUoAZxpqNVZTKoUQ==
  /has-flag/3.0.0:
    dev: false
    engines:
      node: '>=4'
    resolution:
      integrity: sha1-tdRU3CGZriJWmfNGfloH87lVuv0=
  /iter-tools/6.2.4:
    dependencies:
      '@babel/runtime': 7.3.4
      '@babel/runtime-corejs2': 7.3.4
      dequeue: 1.0.5
      little-ds-toolkit: 1.1.0
      typescript-tuple: 2.2.1
      typescript-union: 0.1.0
      utility-types: 3.4.1
    dev: false
    resolution:
      integrity: sha512-CxQMjqjQVWFc2sFxFZOZ7o7mVLxWISWHS9Lt/PwwsvCzEDHQp0ksWaWgOA24Z6ziPd/0jTHBaIECdjgGUeZWcA==
  /little-ds-toolkit/1.1.0:
    dev: false
    resolution:
      integrity: sha512-2ARbmay5TrhFxFqcyFxPigmRToDuo8yxvIMdvwsDYNd/oZKnvsFT5L3I7s8WLXR7/tThYeffN9ouDtFFk4wzsA==
  /number-enum/3.0.0:
    dependencies:
      iter-tools: 6.2.4
    dev: false
    engines:
      node: '>= 8.9.0'
    resolution:
      integrity: sha512-y1YQ+1EXdFajhhUzobNBOhnKDbX57VRfwpeUIVR3mfWQeGKR3aR252Djs0nBAu71bHb3lFYyVpMOzT8xcZgB2w==
  /regenerator-runtime/0.12.1:
    dev: false
    resolution:
      integrity: sha512-odxIc1/vDlo4iZcfXqRYFj0vpXFNoGdKMAUieAlFYO6m/nl5e9KR/beGf41z4a1FI+aQgtjhuaSlDxQ0hmkrHg==
  /supports-color/5.5.0:
    dependencies:
      has-flag: 3.0.0
    dev: false
    engines:
      node: '>=4'
    resolution:
      integrity: sha512-QjVjwdXIt408MIiAqCX4oUKsgU2EqAGzs2Ppkm4aQYbjm+ZEWEcW4SfFNTr4uMNZma0ey4f5lgLrkB0aX0QMow==
  /tslib/1.9.3:
    dev: false
    resolution:
      integrity: sha512-4krF8scpejhaOgqzBEcGM7yDIEfi0/8+8zDRZhNZZ2kjmHJ4hv3zCbQWxoJGz1iw5U0Jl0nma13xzHXcncMavQ==
  /typescript-compare/0.0.2:
    dependencies:
      typescript-logic: 0.0.0
    dev: false
    resolution:
      integrity: sha512-8ja4j7pMHkfLJQO2/8tut7ub+J3Lw2S3061eJLFQcvs3tsmJKp8KG5NtpLn7KcY2w08edF74BSVN7qJS0U6oHA==
  /typescript-logic/0.0.0:
    dev: false
    resolution:
      integrity: sha512-zXFars5LUkI3zP492ls0VskH3TtdeHCqu0i7/duGt60i5IGPIpAHE/DWo5FqJ6EjQ15YKXrt+AETjv60Dat34Q==
  /typescript-tuple/1.7.3:
    dev: false
    engines:
      typescript: ^3.0.0
    resolution:
      integrity: sha512-ygCTfD6CX5ul+J0sZhq2MSouMNAeJpRXAFkYPUZomv457KWg15DuS7n+ubv15LtbX27iVo6DkuiX/5yyNdBvVg==
  /typescript-tuple/2.2.1:
    dependencies:
      typescript-compare: 0.0.2
    dev: false
    resolution:
      integrity: sha512-Zcr0lbt8z5ZdEzERHAMAniTiIKerFCMgd7yjq1fPnDJ43et/k9twIFQMUYff9k5oXcsQ0WpvFcgzK2ZKASoW6Q==
  /typescript-union/0.1.0:
    dependencies:
      typescript-tuple: 1.7.3
      utility-types: 2.1.0
    dev: false
    engines:
      typescript: ^3.0.0
    resolution:
      integrity: sha512-OwK3xxtSXKhiBRzOmIqtrjV26V5X0uSkp+qvDkqRukYIhC5VXqw5QO2v57Rzi6znbkJTTAHtgWkZikIgmYshEg==
  /utility-types/2.1.0:
    dev: false
    engines:
      node: '>= 4'
    resolution:
      integrity: sha512-/nP2gqavggo6l38rtQI/CdeV+2fmBGXVvHgj9kV2MAnms3TIi77Mz9BtapPFI0+GZQCqqom0vACQ+VlTTaCovw==
  /utility-types/3.4.1:
    dev: false
    engines:
      node: '>= 4'
    resolution:
      integrity: sha512-GyH068kJf7c4vhfqj4aCM5X+TeV8jG2iPFLimpGpnQ7dvKfogZOHfiYxMww/nGEfMm/bEmnVbeZGO1see1OVKg==
specifiers:
  '@tools/clean-typescript-build': 'file:../clean-typescript-build'
  '@tools/git-tag-versions': 'file:../git-tag-versions'
  '@tools/ignore-file': 'file:../ignore-file'
  '@tools/jest': 'file:../jest'
  '@tools/places': 'file:../places'
  '@tools/preloaded-node': 'file:../preloaded-node'
  '@tools/standardjs': 'file:../standardjs'
  '@tools/tslint': 'file:../tslint'
  '@tools/typescript': 'file:../typescript'
  '@tools/workspace': 'file:../workspace'
  chalk: ^2.4.2
  exec-inline: ^0.0.2
  number-enum: ^3.0.0
