dependencies:
  '@tools/clean-typescript-build': 'link:../clean-typescript-build'
  '@tools/create-new-folder': 'link:../create-new-folder'
  '@tools/git-tag-versions': 'link:../git-tag-versions'
  '@tools/ignore-file': 'link:../ignore-file'
  '@tools/jest': 'link:../jest'
  '@tools/places': 'link:../places'
  '@tools/preloaded-node': 'link:../preloaded-node'
  '@tools/standardjs': 'link:../standardjs'
  '@tools/tslint': 'link:../tslint'
  '@tools/typescript': 'link:../typescript'
  '@tools/workspace': 'link:../workspace'
  chalk: 2.4.2
  exec-inline: 0.0.3
  number-enum: 3.0.0
lockfileVersion: 5.1
packages:
  /@babel/runtime-corejs2/7.5.5:
    dependencies:
      core-js: 2.6.9
      regenerator-runtime: 0.13.3
    dev: false
    resolution:
      integrity: sha512-FYATQVR00NSNi7mUfpPDp7E8RYMXDuO8gaix7u/w3GekfUinKgX1AcTxs7SoiEmoEW9mbpjrwqWSW6zCmw5h8A==
  /@babel/runtime/7.5.5:
    dependencies:
      regenerator-runtime: 0.13.3
    dev: false
    resolution:
      integrity: sha512-28QvEGyQyNkB0/m2B4FU7IEZGK2NUrcMtT6BZEFALTguLk+AUT6ofsHtPk5QyjAdUkpMJ+/Em+quwz4HOt30AQ==
  /@types/node/12.7.1:
    dev: false
    resolution:
      integrity: sha512-aK9jxMypeSrhiYofWWBf/T7O+KwaiAHzM4sveCdWPn71lzUSMimRnKzhXDKfKwV1kWoBo2P1aGgaIYGLf9/ljw==
  /ansi-styles/3.2.1:
    dependencies:
      color-convert: 1.9.3
    dev: false
    engines:
      node: '>=4'
    resolution:
      integrity: sha512-VT0ZI6kZRdTh8YyJw3SMbYm/u+NqfsAxEpWO0Pf9sq8/e94WxxOpPKx9FR1FlyCtOVDNOQ+8ntlqFxiRc+r5qA==
  /chalk/2.4.2:
    dependencies:
      ansi-styles: 3.2.1
      escape-string-regexp: 1.0.5
      supports-color: 5.5.0
    dev: false
    engines:
      node: '>=4'
    resolution:
      integrity: sha512-Mti+f9lpJNcwF4tWV8/OrTTtF1gZi+f8FqlyAdouralcFWFQWF2+NgCHShjkCb+IFBLq9buZwE1xckQU4peSuQ==
  /color-convert/1.9.3:
    dependencies:
      color-name: 1.1.3
    dev: false
    resolution:
      integrity: sha512-QfAUtd+vFdAtFQcC8CCyYt1fYWxSqAiK2cSD6zDB8N3cpsEBAvRxp9zOGg6G/SHHJYAT88/az/IuDGALsNVbGg==
  /color-name/1.1.3:
    dev: false
    resolution:
      integrity: sha1-p9BVi9icQveV3UIyj3QIMcpTvCU=
  /core-js/2.6.9:
    dev: false
    requiresBuild: true
    resolution:
      integrity: sha512-HOpZf6eXmnl7la+cUdMnLvUxKNqLUzJvgIziQ0DiF3JwSImNphIqdGqzj6hIKyX04MmV0poclQ7+wjWvxQyR2A==
  /dequeue/1.0.5:
    dev: false
    resolution:
      integrity: sha1-EPHO8H4yNLIdyzj0v6LWYDSrZ8c=
  /escape-string-regexp/1.0.5:
    dev: false
    engines:
      node: '>=0.8.0'
    resolution:
      integrity: sha1-G2HAViGQqN/2rjuyzwIAyhMLhtQ=
  /exec-inline/0.0.3:
    dependencies:
      '@types/node': 12.7.1
      tslib: 1.10.0
    dev: false
    engines:
      node: '>= 8.9.0'
    resolution:
      integrity: sha512-r+QZ65SwH5tD25rUYktVrWMLaaouuGAc9Z0WohbTVW0YQ+F592kuqdb5782hbj92roxMJEDDPNwvqn+bXuGguw==
  /has-flag/3.0.0:
    dev: false
    engines:
      node: '>=4'
    resolution:
      integrity: sha1-tdRU3CGZriJWmfNGfloH87lVuv0=
  /iter-tools/6.2.5:
    dependencies:
      '@babel/runtime': 7.5.5
      '@babel/runtime-corejs2': 7.5.5
      dequeue: 1.0.5
      little-ds-toolkit: 1.1.1
      typescript-tuple: 2.2.1
      typescript-union: 0.1.2
      utility-types: 3.7.0
    dev: false
    resolution:
      integrity: sha512-63drajuMy4Ehx9EooIqBDjcFGOTY30W7SU7DrplPIa6ZdvQIBcK7QTW5TUrNoJRDEbNJG9yioUAU/Ezhys211w==
  /little-ds-toolkit/1.1.1:
    dev: false
    resolution:
      integrity: sha512-Zl5flhnd5W6nhRCyoL1bNlU8M5CWFp6SItMmK4pj39LKgzQD7LGg591OJ0jwDKat7mjHvJVkOyJT+BXOQH4iXw==
  /number-enum/3.0.0:
    dependencies:
      iter-tools: 6.2.5
    dev: false
    engines:
      node: '>= 8.9.0'
    resolution:
      integrity: sha512-y1YQ+1EXdFajhhUzobNBOhnKDbX57VRfwpeUIVR3mfWQeGKR3aR252Djs0nBAu71bHb3lFYyVpMOzT8xcZgB2w==
  /regenerator-runtime/0.13.3:
    dev: false
    resolution:
      integrity: sha512-naKIZz2GQ8JWh///G7L3X6LaQUAMp2lvb1rvwwsURe/VXwD6VMfr+/1NuNw3ag8v2kY1aQ/go5SNn79O9JU7yw==
  /supports-color/5.5.0:
    dependencies:
      has-flag: 3.0.0
    dev: false
    engines:
      node: '>=4'
    resolution:
      integrity: sha512-QjVjwdXIt408MIiAqCX4oUKsgU2EqAGzs2Ppkm4aQYbjm+ZEWEcW4SfFNTr4uMNZma0ey4f5lgLrkB0aX0QMow==
  /tslib/1.10.0:
    dev: false
    resolution:
      integrity: sha512-qOebF53frne81cf0S9B41ByenJ3/IuH8yJKngAX35CmiZySA0khhkovshKK+jGCaMnVomla7gVlIcc3EvKPbTQ==
  /typescript-compare/0.0.2:
    dependencies:
      typescript-logic: 0.0.0
    dev: false
    resolution:
      integrity: sha512-8ja4j7pMHkfLJQO2/8tut7ub+J3Lw2S3061eJLFQcvs3tsmJKp8KG5NtpLn7KcY2w08edF74BSVN7qJS0U6oHA==
  /typescript-logic/0.0.0:
    dev: false
    resolution:
      integrity: sha512-zXFars5LUkI3zP492ls0VskH3TtdeHCqu0i7/duGt60i5IGPIpAHE/DWo5FqJ6EjQ15YKXrt+AETjv60Dat34Q==
  /typescript-tuple/2.2.1:
    dependencies:
      typescript-compare: 0.0.2
    dev: false
    resolution:
      integrity: sha512-Zcr0lbt8z5ZdEzERHAMAniTiIKerFCMgd7yjq1fPnDJ43et/k9twIFQMUYff9k5oXcsQ0WpvFcgzK2ZKASoW6Q==
  /typescript-union/0.1.2:
    dependencies:
      typescript-tuple: 2.2.1
      utility-types: 3.7.0
    dev: false
    resolution:
      integrity: sha512-pzfdtUZ8teglF69/dllzgd6yV7ikoszPHVyOkl4WGICRhTJgCTwL3+ZnnF/hvII536VbsNMQfd9GmLBNhtsmgg==
  /utility-types/3.7.0:
    dev: false
    engines:
      node: '>= 4'
    resolution:
      integrity: sha512-mqRJXN7dEArK/NZNJUubjr9kbFFVZcmF/JHDc9jt5O/aYXUVmopHYujDMhLmLil1Bxo2+khe6KAIVvDH9Yc4VA==
specifiers:
  '@tools/clean-typescript-build': 'file:../clean-typescript-build'
  '@tools/create-new-folder': 'file:../create-new-folder'
  '@tools/git-tag-versions': 'file:../git-tag-versions'
  '@tools/ignore-file': 'file:../ignore-file'
  '@tools/jest': 'file:../jest'
  '@tools/places': 'file:../places'
  '@tools/preloaded-node': 'file:../preloaded-node'
  '@tools/standardjs': 'file:../standardjs'
  '@tools/tslint': 'file:../tslint'
  '@tools/typescript': 'file:../typescript'
  '@tools/workspace': 'file:../workspace'
  chalk: ^2.4.2
  exec-inline: ^0.0.3
  number-enum: ^3.0.0
