dependencies:
  '@tools/add-dependency': 'link:../add-dependency'
  '@tools/clean-typescript-build': 'link:../clean-typescript-build'
  '@tools/create-new-folder': 'link:../create-new-folder'
  '@tools/docs': 'link:../docs'
  '@tools/gh-pages': 'link:../gh-pages'
  '@tools/git-tag-versions': 'link:../git-tag-versions'
  '@tools/ignore-file': 'link:../ignore-file'
  '@tools/jest': 'link:../jest'
  '@tools/places': 'link:../places'
  '@tools/preloaded-node': 'link:../preloaded-node'
  '@tools/publish-docs': 'link:../publish-docs'
  '@tools/publish-tag-push': 'link:../publish-tag-push'
  '@tools/standardjs': 'link:../standardjs'
  '@tools/tslint': 'link:../tslint'
  '@tools/typescript': 'link:../typescript'
  '@tools/workspace': 'link:../workspace'
  '@types/fs-extra': 8.0.0
  '@types/glob-to-regexp': 0.4.0
  chalk: 2.4.2
  exec-inline: 0.0.4
  fs-extra: 8.1.0
  glob-to-regexp: 0.4.1
  number-enum: 3.0.0
lockfileVersion: 5.1
packages:
  /@babel/runtime-corejs2/7.6.2:
    dependencies:
      core-js: 2.6.9
      regenerator-runtime: 0.13.3
    dev: false
    resolution:
      integrity: sha512-wdyVKnTv9Be4YlwF/7pByYNfcl23qC21aAQ0aIaZOo2ZOvhFEyJdBLJClYZ9i+Pmrz7sUQgg/MwbJa2RZTkygg==
  /@babel/runtime/7.6.2:
    dependencies:
      regenerator-runtime: 0.13.3
    dev: false
    resolution:
      integrity: sha512-EXxN64agfUqqIGeEjI5dL5z0Sw0ZwWo1mLTi4mQowCZ42O59b7DRpZAnTC6OqdF28wMBMFKNb/4uFGrVaigSpg==
  /@types/fs-extra/8.0.0:
    dependencies:
      '@types/node': 12.7.11
    dev: false
    resolution:
      integrity: sha512-bCtL5v9zdbQW86yexOlXWTEGvLNqWxMFyi7gQA7Gcthbezr2cPSOb8SkESVKA937QD5cIwOFLDFt0MQoXOEr9Q==
  /@types/glob-to-regexp/0.4.0:
    dev: false
    resolution:
      integrity: sha512-unszpTzAknG612PxqtoNUkLM0T3rIAXT8oE9Dyhhbl4eew91jLqcgJZOu5j7GztHg09R8LWCMocRU1ohDFY7Pw==
  /@types/node/12.7.11:
    dev: false
    resolution:
      integrity: sha512-Otxmr2rrZLKRYIybtdG/sgeO+tHY20GxeDjcGmUnmmlCWyEnv2a2x1ZXBo3BTec4OiTXMQCiazB8NMBf0iRlFw==
  /ansi-styles/3.2.1:
    dependencies:
      color-convert: 1.9.3
    dev: false
    engines:
      node: '>=4'
    resolution:
      integrity: sha512-VT0ZI6kZRdTh8YyJw3SMbYm/u+NqfsAxEpWO0Pf9sq8/e94WxxOpPKx9FR1FlyCtOVDNOQ+8ntlqFxiRc+r5qA==
  /chalk/2.4.2:
    dependencies:
      ansi-styles: 3.2.1
      escape-string-regexp: 1.0.5
      supports-color: 5.5.0
    dev: false
    engines:
      node: '>=4'
    resolution:
      integrity: sha512-Mti+f9lpJNcwF4tWV8/OrTTtF1gZi+f8FqlyAdouralcFWFQWF2+NgCHShjkCb+IFBLq9buZwE1xckQU4peSuQ==
  /color-convert/1.9.3:
    dependencies:
      color-name: 1.1.3
    dev: false
    resolution:
      integrity: sha512-QfAUtd+vFdAtFQcC8CCyYt1fYWxSqAiK2cSD6zDB8N3cpsEBAvRxp9zOGg6G/SHHJYAT88/az/IuDGALsNVbGg==
  /color-name/1.1.3:
    dev: false
    resolution:
      integrity: sha1-p9BVi9icQveV3UIyj3QIMcpTvCU=
  /core-js/2.6.9:
    dev: false
    requiresBuild: true
    resolution:
      integrity: sha512-HOpZf6eXmnl7la+cUdMnLvUxKNqLUzJvgIziQ0DiF3JwSImNphIqdGqzj6hIKyX04MmV0poclQ7+wjWvxQyR2A==
  /dequeue/1.0.5:
    dev: false
    resolution:
      integrity: sha1-EPHO8H4yNLIdyzj0v6LWYDSrZ8c=
  /escape-string-regexp/1.0.5:
    dev: false
    engines:
      node: '>=0.8.0'
    resolution:
      integrity: sha1-G2HAViGQqN/2rjuyzwIAyhMLhtQ=
  /exec-inline/0.0.4:
    dependencies:
      '@types/node': 12.7.11
      tslib: 1.10.0
    dev: false
    engines:
      node: '>= 8.9.0'
    resolution:
      integrity: sha512-mkYPrQfCuesIP/JRcFth38com6JYpeF2uGIuSojDYGx7g6bLPzPWdRYFeMqvxH5fdwriScHKnR/oThMy1o7iug==
  /fs-extra/8.1.0:
    dependencies:
      graceful-fs: 4.2.2
      jsonfile: 4.0.0
      universalify: 0.1.2
    dev: false
    engines:
      node: '>=6 <7 || >=8'
    resolution:
      integrity: sha512-yhlQgA6mnOJUKOsRUFsgJdQCvkKhcz8tlZG5HBQfReYZy46OwLcY+Zia0mtdHsOo9y/hP+CxMN0TU9QxoOtG4g==
  /glob-to-regexp/0.4.1:
    dev: false
    resolution:
      integrity: sha512-lkX1HJXwyMcprw/5YUZc2s7DrpAiHB21/V+E1rHUrVNokkvB6bqMzT0VfV6/86ZNabt1k14YOIaT7nDvOX3Iiw==
  /graceful-fs/4.2.2:
    dev: false
    resolution:
      integrity: sha512-IItsdsea19BoLC7ELy13q1iJFNmd7ofZH5+X/pJr90/nRoPEX0DJo1dHDbgtYWOhJhcCgMDTOw84RZ72q6lB+Q==
  /has-flag/3.0.0:
    dev: false
    engines:
      node: '>=4'
    resolution:
      integrity: sha1-tdRU3CGZriJWmfNGfloH87lVuv0=
  /iter-tools/6.2.6:
    dependencies:
      '@babel/runtime': 7.6.2
      '@babel/runtime-corejs2': 7.6.2
      dequeue: 1.0.5
      little-ds-toolkit: 1.1.1
      typescript-tuple: 2.2.1
      typescript-union: 0.1.2
      utility-types: 3.8.0
    dev: false
    resolution:
      integrity: sha512-DlBSv7cIrM214wYFxyz4vg98BmEpxFTGx37ei/ktYT05shJHoDwz7wuaPx3XhaJi1uGEc5bM+vUBWhm3z6yNIg==
  /jsonfile/4.0.0:
    dev: false
    optionalDependencies:
      graceful-fs: 4.2.2
    resolution:
      integrity: sha1-h3Gq4HmbZAdrdmQPygWPnBDjPss=
  /little-ds-toolkit/1.1.1:
    dev: false
    resolution:
      integrity: sha512-Zl5flhnd5W6nhRCyoL1bNlU8M5CWFp6SItMmK4pj39LKgzQD7LGg591OJ0jwDKat7mjHvJVkOyJT+BXOQH4iXw==
  /number-enum/3.0.0:
    dependencies:
      iter-tools: 6.2.6
    dev: false
    engines:
      node: '>= 8.9.0'
    resolution:
      integrity: sha512-y1YQ+1EXdFajhhUzobNBOhnKDbX57VRfwpeUIVR3mfWQeGKR3aR252Djs0nBAu71bHb3lFYyVpMOzT8xcZgB2w==
  /regenerator-runtime/0.13.3:
    dev: false
    resolution:
      integrity: sha512-naKIZz2GQ8JWh///G7L3X6LaQUAMp2lvb1rvwwsURe/VXwD6VMfr+/1NuNw3ag8v2kY1aQ/go5SNn79O9JU7yw==
  /supports-color/5.5.0:
    dependencies:
      has-flag: 3.0.0
    dev: false
    engines:
      node: '>=4'
    resolution:
      integrity: sha512-QjVjwdXIt408MIiAqCX4oUKsgU2EqAGzs2Ppkm4aQYbjm+ZEWEcW4SfFNTr4uMNZma0ey4f5lgLrkB0aX0QMow==
  /tslib/1.10.0:
    dev: false
    resolution:
      integrity: sha512-qOebF53frne81cf0S9B41ByenJ3/IuH8yJKngAX35CmiZySA0khhkovshKK+jGCaMnVomla7gVlIcc3EvKPbTQ==
  /typescript-compare/0.0.2:
    dependencies:
      typescript-logic: 0.0.0
    dev: false
    resolution:
      integrity: sha512-8ja4j7pMHkfLJQO2/8tut7ub+J3Lw2S3061eJLFQcvs3tsmJKp8KG5NtpLn7KcY2w08edF74BSVN7qJS0U6oHA==
  /typescript-logic/0.0.0:
    dev: false
    resolution:
      integrity: sha512-zXFars5LUkI3zP492ls0VskH3TtdeHCqu0i7/duGt60i5IGPIpAHE/DWo5FqJ6EjQ15YKXrt+AETjv60Dat34Q==
  /typescript-tuple/2.2.1:
    dependencies:
      typescript-compare: 0.0.2
    dev: false
    resolution:
      integrity: sha512-Zcr0lbt8z5ZdEzERHAMAniTiIKerFCMgd7yjq1fPnDJ43et/k9twIFQMUYff9k5oXcsQ0WpvFcgzK2ZKASoW6Q==
  /typescript-union/0.1.2:
    dependencies:
      typescript-tuple: 2.2.1
      utility-types: 3.8.0
    dev: false
    resolution:
      integrity: sha512-pzfdtUZ8teglF69/dllzgd6yV7ikoszPHVyOkl4WGICRhTJgCTwL3+ZnnF/hvII536VbsNMQfd9GmLBNhtsmgg==
  /universalify/0.1.2:
    dev: false
    engines:
      node: '>= 4.0.0'
    resolution:
      integrity: sha512-rBJeI5CXAlmy1pV+617WB9J63U6XcazHHF2f2dbJix4XzpUF0RS3Zbj0FGIOCAva5P/d/GBOYaACQ1w+0azUkg==
  /utility-types/3.8.0:
    dev: false
    engines:
      node: '>= 4'
    resolution:
      integrity: sha512-UoKivAmVw5TL6AHuILieOJjIK9ajS0l5gyN5LbJglPuVwzfYBniDhe+3A5+ZBtS0TAHQs5qUxTwj9jXurINrcw==
specifiers:
  '@tools/add-dependency': 'file:../add-dependency'
  '@tools/clean-typescript-build': 'file:../clean-typescript-build'
  '@tools/create-new-folder': 'file:../create-new-folder'
  '@tools/docs': 'file:../docs'
  '@tools/gh-pages': 'file:../gh-pages'
  '@tools/git-tag-versions': 'file:../git-tag-versions'
  '@tools/ignore-file': 'file:../ignore-file'
  '@tools/jest': 'file:../jest'
  '@tools/places': 'file:../places'
  '@tools/preloaded-node': 'file:../preloaded-node'
  '@tools/publish-docs': 'file:../publish-docs'
  '@tools/publish-tag-push': 'file:../publish-tag-push'
  '@tools/standardjs': 'file:../standardjs'
  '@tools/tslint': 'file:../tslint'
  '@tools/typescript': 'file:../typescript'
  '@tools/workspace': 'file:../workspace'
  '@types/fs-extra': ^8.0.0
  '@types/glob-to-regexp': ^0.4.0
  chalk: ^2.4.2
  exec-inline: ^0.0.4
  fs-extra: 8.1.0
  glob-to-regexp: 0.4.1
  number-enum: ^3.0.0
