dependencies:
  '@types/node': 13.7.6
  tslib: 1.11.0
lockfileVersion: 5.1
packages:
  /@types/node/13.7.6:
    dev: false
    resolution:
      integrity: sha512-eyK7MWD0R1HqVTp+PtwRgFeIsemzuj4gBFSQxfPHY5iMjS7474e5wq+VFgTcdpyHeNxyKSaetYAjdMLJlKoWqA==
  /tslib/1.11.0:
    dev: false
    resolution:
      integrity: sha512-BmndXUtiTn/VDDrJzQE7Mm22Ix3PxgLltW9bSNLoeCY31gnG2OPx0QqJnuc9oMIKioYrz487i6K9o4Pdn0j+Kg==
specifiers:
  '@types/node': ^13.7.6
  tslib: ^1.11.0
