lockfileVersion: 5.3

specifiers:
  '@types/fs-extra': ^9.0.1
  fast-traverse: ^0.1.7
  fs-extra: ^10.0.0
  iter-tools: ^7.0.0
  ts-pipe-compose: ^0.2.0

dependencies:
  '@types/fs-extra': 9.0.1
  fast-traverse: 0.1.7
  fs-extra: 10.0.0
  iter-tools: 7.2.0
  ts-pipe-compose: 0.2.0

packages:

  /@babel/runtime/7.16.7:
    resolution: {integrity: sha512-9E9FJowqAsytyOY6LG+1KuueckRL+aQW+mKvXRXnuFGyRAyepJPmEo9vgMfXUA6O9u3IeEdv9MAkppFcaQwogQ==}
    engines: {node: '>=6.9.0'}
    dependencies:
      regenerator-runtime: 0.13.5
    dev: false

  /@types/fs-extra/9.0.1:
    resolution: {integrity: sha512-B42Sxuaz09MhC3DDeW5kubRcQ5by4iuVQ0cRRWM2lggLzAa/KVom0Aft/208NgMvNQQZ86s5rVcqDdn/SH0/mg==}
    dependencies:
      '@types/node': 14.0.6
    dev: false

  /@types/node/12.12.42:
    resolution: {integrity: sha512-R/9QdYFLL9dE9l5cWWzWIZByVGFd7lk7JVOJ7KD+E1SJ4gni7XJRLz9QTjyYQiHIqEAgku9VgxdLjMlhhUaAFg==}
    dev: false

  /@types/node/14.0.6:
    resolution: {integrity: sha512-FbNmu4F67d3oZMWBV6Y4MaPER+0EpE9eIYf2yaHhCWovc1dlXCZkqGX4NLHfVVr6umt20TNBdRzrNJIzIKfdbw==}
    dev: false

  /@types/node/14.6.1:
    resolution: {integrity: sha512-HnYlg/BRF8uC1FyKRFZwRaCPTPYKa+6I8QiUZFLredaGOou481cgFS4wKRFyKvQtX8xudqkSdBczJHIYSQYKrQ==}
    dev: false

  /fast-traverse/0.1.7:
    resolution: {integrity: sha512-gZTQvJSgrGV24F8AeeTNxip8OEkjRHwDDpGw0b51TzRVGjJsKzh6CuHf9ltVjJZzni5Ead+EEQJ0IFCuoCJUtA==}
    dependencies:
      '@types/node': 14.6.1
      tslib: 2.0.1
    dev: false

  /fs-extra/10.0.0:
    resolution: {integrity: sha512-C5owb14u9eJwizKGdchcDUQeFtlSHHthBk8pbX9Vc1PFZrLombudjDnNns88aYslCyF6IY5SUw3Roz6xShcEIQ==}
    engines: {node: '>=12'}
    dependencies:
      graceful-fs: 4.2.4
      jsonfile: 6.0.1
      universalify: 2.0.0
    dev: false

  /graceful-fs/4.2.4:
    resolution: {integrity: sha512-WjKPNJF79dtJAVniUlGGWHYGz2jWxT6VhN/4m1NdkbZ2nOsEF+cI1Edgql5zCRhs/VsQYRvrXctxktVXZUkixw==}
    dev: false

  /iter-tools/7.2.0:
    resolution: {integrity: sha512-wU0BpT8CaJCvXuhBy3WvshLhDwrsrrxWv77B4cSECnqWRm0tv2ozQRQm7M5dCkzoaQCLyRmGO0P2jDVSw5Hjvw==}
    dependencies:
      '@babel/runtime': 7.16.7
    dev: false

  /jsonfile/6.0.1:
    resolution: {integrity: sha512-jR2b5v7d2vIOust+w3wtFKZIfpC2pnRmFAhAC/BuweZFQR8qZzxH1OyrQ10HmdVYiXWkYUqPVsz91cG7EL2FBg==}
    dependencies:
      universalify: 1.0.0
    optionalDependencies:
      graceful-fs: 4.2.4
    dev: false

  /regenerator-runtime/0.13.5:
    resolution: {integrity: sha512-ZS5w8CpKFinUzOwW3c83oPeVXoNsrLsaCoLtJvAClH135j/R77RuymhiSErhm2lKcwSCIpmvIWSbDkIfAqKQlA==}
    dev: false

  /ts-pipe-compose/0.2.0:
    resolution: {integrity: sha512-FMFVRL3Ct4+S1OHUBapg3HKOU1OY8EfF+LpWKyKz0S9P/Yrdl9krvNxuW/4RlMw42TsgkH6jF3o6Vtk5l8izLg==}
    engines: {node: '>= 8.9.0'}
    dependencies:
      '@types/node': 12.12.42
      tslib: 1.13.0
    dev: false

  /tslib/1.13.0:
    resolution: {integrity: sha512-i/6DQjL8Xf3be4K/E6Wgpekn5Qasl1usyw++dAA35Ue5orEn65VIxOA+YvNNl9HV3qv70T7CNwjODHZrLwvd1Q==}
    dev: false

  /tslib/2.0.1:
    resolution: {integrity: sha512-SgIkNheinmEBgx1IUNirK0TUD4X9yjjBRTqqjggWCU3pUEqIk3/Uwl3yRixYKT6WjQuGiwDv4NomL3wqRCj+CQ==}
    dev: false

  /universalify/1.0.0:
    resolution: {integrity: sha512-rb6X1W158d7pRQBg5gkR8uPaSfiids68LTJQYOtEUhoJUWBdaQHsuT/EUduxXYxcrt4r5PJ4fuHW1MHT6p0qug==}
    engines: {node: '>= 10.0.0'}
    dev: false

  /universalify/2.0.0:
    resolution: {integrity: sha512-hAZsKq7Yy11Zu1DE0OzWjw7nnLZmJZYTDZZyEFHZdUhV8FkH5MCfoU1XMaxXovpyW5nq5scPqq0ZDP9Zyl04oQ==}
    engines: {node: '>= 10.0.0'}
    dev: false
