dependencies:
  '@tools/places': 'link:../../tools/places'
  '@types/semver': 7.1.0
  semver: 7.1.2
lockfileVersion: 5.1
packages:
  /@types/node/13.5.2:
    dev: false
    resolution:
      integrity: sha512-Fr6a47c84PRLfd7M7u3/hEknyUdQrrBA6VoPmkze0tcflhU5UnpWEX2kn12ktA/lb+MNHSqFlSiPHIHsaErTPA==
  /@types/semver/7.1.0:
    dependencies:
      '@types/node': 13.5.2
    dev: false
    resolution:
      integrity: sha512-pOKLaubrAEMUItGNpgwl0HMFPrSAFic8oSVIvfu1UwcgGNmNyK9gyhBHKmBnUTwwVvpZfkzUC0GaMgnL6P86uA==
  /semver/7.1.2:
    dev: false
    engines:
      node: '>=10'
    hasBin: true
    resolution:
      integrity: sha512-BJs9T/H8sEVHbeigqzIEo57Iu/3DG6c4QoqTfbQB3BPA4zgzAomh/Fk9E7QtjWQ8mx2dgA9YCfSF4y9k9bHNpQ==
specifiers:
  '@tools/places': 'file:../../tools/places'
  '@types/semver': ^7.1.0
  semver: ^7.1.2
