dependencies:
  '@tools/places': 'link:../../tools/places'
  '@types/semver': 7.1.0
  semver: 7.3.0
lockfileVersion: 5.1
packages:
  /@types/node/13.5.2:
    dev: false
    resolution:
      integrity: sha512-Fr6a47c84PRLfd7M7u3/hEknyUdQrrBA6VoPmkze0tcflhU5UnpWEX2kn12ktA/lb+MNHSqFlSiPHIHsaErTPA==
  /@types/semver/7.1.0:
    dependencies:
      '@types/node': 13.5.2
    dev: false
    resolution:
      integrity: sha512-pOKLaubrAEMUItGNpgwl0HMFPrSAFic8oSVIvfu1UwcgGNmNyK9gyhBHKmBnUTwwVvpZfkzUC0GaMgnL6P86uA==
  /semver/7.3.0:
    dev: false
    engines:
      node: '>=10'
    hasBin: true
    resolution:
      integrity: sha512-uyvgU/igkrMgNHwLgXvlpD9jEADbJhB0+JXSywoO47JgJ6c16iau9F9cjtc/E5o0PoqRYTiTIAPRKaYe84z6eQ==
specifiers:
  '@tools/places': 'file:../../tools/places'
  '@types/semver': ^7.1.0
  semver: ^7.3.0
