dependencies:
  '@tools/places': 'link:../../tools/places'
  '@types/semver': 7.1.0
  semver: 7.1.3
lockfileVersion: 5.1
packages:
  /@types/node/13.5.2:
    dev: false
    resolution:
      integrity: sha512-Fr6a47c84PRLfd7M7u3/hEknyUdQrrBA6VoPmkze0tcflhU5UnpWEX2kn12ktA/lb+MNHSqFlSiPHIHsaErTPA==
  /@types/semver/7.1.0:
    dependencies:
      '@types/node': 13.5.2
    dev: false
    resolution:
      integrity: sha512-pOKLaubrAEMUItGNpgwl0HMFPrSAFic8oSVIvfu1UwcgGNmNyK9gyhBHKmBnUTwwVvpZfkzUC0GaMgnL6P86uA==
  /semver/7.1.3:
    dev: false
    engines:
      node: '>=10'
    hasBin: true
    resolution:
      integrity: sha512-ekM0zfiA9SCBlsKa2X1hxyxiI4L3B6EbVJkkdgQXnSEEaHlGdvyodMruTiulSRWMMB4NeIuYNMC9rTKTz97GxA==
specifiers:
  '@tools/places': 'file:../../tools/places'
  '@types/semver': ^7.1.0
  semver: ^7.1.3
