dependencies:
  '@tools/test-spawn': 'link:../../tools/test-spawn'
  typescript: 4.0.3
lockfileVersion: 5.2
packages:
  /typescript/4.0.3:
    dev: false
    engines:
      node: '>=4.2.0'
    hasBin: true
    resolution:
      integrity: sha512-tEu6DGxGgRJPb/mVPIZ48e69xCn2yRmCgYmDugAVwmJ6o+0u1RI18eO7E7WBTLYLaEVVOhwQmcdhQHweux/WPg==
specifiers:
  '@tools/test-spawn': 'file:../../tools/test-spawn'
  typescript: ^4.0.3
