dependencies:
  '@tools/test-spawn': 'link:../../tools/test-spawn'
  typescript: 4.0.2
lockfileVersion: 5.1
packages:
  /typescript/4.0.2:
    dev: false
    engines:
      node: '>=4.2.0'
    hasBin: true
    resolution:
      integrity: sha512-e4ERvRV2wb+rRZ/IQeb3jm2VxBsirQLpQhdxplZ2MEzGvDkkMmPglecnNDfSUBivMjP93vRbngYYDQqQ/78bcQ==
specifiers:
  '@tools/test-spawn': 'file:../../tools/test-spawn'
  typescript: ^4.0.2
