dependencies:
  '@tools/places': 'link:../places'
  '@tools/preloaded-node': 'link:../preloaded-node'
  '@types/fs-extra': 8.0.0
  '@types/js-yaml': 3.12.1
  '@types/minimatch': 3.0.3
  fs-extra: 8.1.0
  fs-tree-utils: 0.1.7
  js-yaml: 3.13.1
  minimatch: 3.0.4
  tslib: 1.10.0
lockfileVersion: 5.1
packages:
  /@types/fs-extra/8.0.0:
    dependencies:
      '@types/node': 12.7.11
    dev: false
    resolution:
      integrity: sha512-bCtL5v9zdbQW86yexOlXWTEGvLNqWxMFyi7gQA7Gcthbezr2cPSOb8SkESVKA937QD5cIwOFLDFt0MQoXOEr9Q==
  /@types/js-yaml/3.12.1:
    dev: false
    resolution:
      integrity: sha512-SGGAhXLHDx+PK4YLNcNGa6goPf9XRWQNAUUbffkwVGGXIxmDKWyGGL4inzq2sPmExu431Ekb9aEMn9BkPqEYFA==
  /@types/minimatch/3.0.3:
    dev: false
    resolution:
      integrity: sha512-tHq6qdbT9U1IRSGf14CL0pUlULksvY9OZ+5eEgl1N7t+OA3tGvNpxJCzuKQlsNgCVwbAs670L1vcVQi8j9HjnA==
  /@types/node/12.7.11:
    dev: false
    resolution:
      integrity: sha512-Otxmr2rrZLKRYIybtdG/sgeO+tHY20GxeDjcGmUnmmlCWyEnv2a2x1ZXBo3BTec4OiTXMQCiazB8NMBf0iRlFw==
  /@types/ramda/0.26.26:
    dependencies:
      ts-toolbelt: 4.8.3
    dev: false
    resolution:
      integrity: sha512-jDx2Lp2WvziMTcDxOU21yzRr6jP/VTWvpg6SQxeM63VldSjugUY1N9p1Q8YY/wpGvqzpkstUFmg2oGJdBSp5gg==
  /argparse/1.0.10:
    dependencies:
      sprintf-js: 1.0.3
    dev: false
    resolution:
      integrity: sha512-o5Roy6tNG4SL/FOkCAN6RzjiakZS25RLYFrcMttJqbdd8BWrnA+fGz57iN5Pb06pvBGvl5gQ0B48dJlslXvoTg==
  /balanced-match/1.0.0:
    dev: false
    resolution:
      integrity: sha1-ibTRmasr7kneFk6gK4nORi1xt2c=
  /brace-expansion/1.1.11:
    dependencies:
      balanced-match: 1.0.0
      concat-map: 0.0.1
    dev: false
    resolution:
      integrity: sha512-iCuPHDFgrHX7H2vEI/5xpz07zSHB00TpugqhmYtVmMO6518mCuRMoOYFldEBl0g187ufozdaHgWKcYFb61qGiA==
  /concat-map/0.0.1:
    dev: false
    resolution:
      integrity: sha1-2Klr13/Wjfd5OnMDajug1UBdR3s=
  /esprima/4.0.1:
    dev: false
    engines:
      node: '>=4'
    hasBin: true
    resolution:
      integrity: sha512-eGuFFw7Upda+g4p+QHvnW0RyTX/SVeJBDM/gCtMARO0cLuT2HcEKnTPvhjV6aGeqrCB/sbNop0Kszm0jsaWU4A==
  /fs-extra/8.1.0:
    dependencies:
      graceful-fs: 4.2.2
      jsonfile: 4.0.0
      universalify: 0.1.2
    dev: false
    engines:
      node: '>=6 <7 || >=8'
    resolution:
      integrity: sha512-yhlQgA6mnOJUKOsRUFsgJdQCvkKhcz8tlZG5HBQfReYZy46OwLcY+Zia0mtdHsOo9y/hP+CxMN0TU9QxoOtG4g==
  /fs-tree-utils/0.1.7:
    dependencies:
      '@types/fs-extra': 8.0.0
      '@types/node': 12.7.11
      '@types/ramda': 0.26.26
      fs-extra: 8.1.0
      monorepo-shared-assets: 0.0.18
      ramda: 0.26.1
      tslib: 1.10.0
    dev: false
    engines:
      node: '>= 8.9.0'
    resolution:
      integrity: sha512-UiJ5pnplv6hOAWp4k42LNjhyRm8T3++wnXHxHvo2AP3/eMQhKMl4dVe7Knj3dfFHt0EeE6IHsQucCyCW6KlARA==
  /graceful-fs/4.2.2:
    dev: false
    resolution:
      integrity: sha512-IItsdsea19BoLC7ELy13q1iJFNmd7ofZH5+X/pJr90/nRoPEX0DJo1dHDbgtYWOhJhcCgMDTOw84RZ72q6lB+Q==
  /immutable/4.0.0-rc.12:
    dev: false
    resolution:
      integrity: sha512-0M2XxkZLx/mi3t8NVwIm1g8nHoEmM9p9UBl/G9k4+hm0kBgOVdMV/B3CY5dQ8qG8qc80NN4gDV4HQv6FTJ5q7A==
  /js-yaml/3.13.1:
    dependencies:
      argparse: 1.0.10
      esprima: 4.0.1
    dev: false
    hasBin: true
    resolution:
      integrity: sha512-YfbcO7jXDdyj0DGxYVSlSeQNHbD7XPWvrVWeVUujrQEoZzWJIRrCPoyk6kL6IAjAG2IolMK4T0hNUe0HOUs5Jw==
  /jsonfile/4.0.0:
    dev: false
    optionalDependencies:
      graceful-fs: 4.2.2
    resolution:
      integrity: sha1-h3Gq4HmbZAdrdmQPygWPnBDjPss=
  /minimatch/3.0.4:
    dependencies:
      brace-expansion: 1.1.11
    dev: false
    resolution:
      integrity: sha512-yJHVQEhyqPLUTgt9B83PXu6W3rx4MvvHvSUvToogpwoGDOUQ+yDrR0HRot+yOCdCO7u4hX3pWft6kWBBcqh0UA==
  /monorepo-shared-assets/0.0.18:
    dependencies:
      '@types/node': 12.7.11
      '@types/ramda': 0.26.26
      immutable: 4.0.0-rc.12
      ramda: 0.26.1
      tslib: 1.10.0
    dev: false
    engines:
      node: '>= 8.9.0'
    resolution:
      integrity: sha512-xVSAGL8nrYGqutC0d958FlvmZ8Vwn9VR9kO3eS9o9vlLsqDfvYKLlb2FKLfHJiRGhs8xC9aIPqX3bhs8fE/Vvw==
  /ramda/0.26.1:
    dev: false
    resolution:
      integrity: sha512-hLWjpy7EnsDBb0p+Z3B7rPi3GDeRG5ZtiI33kJhTt+ORCd38AbAIjB/9zRIUoeTbE/AVX5ZkU7m6bznsvrf8eQ==
  /sprintf-js/1.0.3:
    dev: false
    resolution:
      integrity: sha1-BOaSb2YolTVPPdAVIDYzuFcpfiw=
  /ts-toolbelt/4.8.3:
    dev: false
    resolution:
      integrity: sha512-qSC/t6vfUPqVMkH7wQmRwYbShubAJufUoUynJj8e+AlSXK3+M6rC/OnQ+Mdw6Qd/WYTf46QZDM8nUhxYVJTIPw==
  /tslib/1.10.0:
    dev: false
    resolution:
      integrity: sha512-qOebF53frne81cf0S9B41ByenJ3/IuH8yJKngAX35CmiZySA0khhkovshKK+jGCaMnVomla7gVlIcc3EvKPbTQ==
  /universalify/0.1.2:
    dev: false
    engines:
      node: '>= 4.0.0'
    resolution:
      integrity: sha512-rBJeI5CXAlmy1pV+617WB9J63U6XcazHHF2f2dbJix4XzpUF0RS3Zbj0FGIOCAva5P/d/GBOYaACQ1w+0azUkg==
specifiers:
  '@tools/places': 'file:../places'
  '@tools/preloaded-node': 'file:../preloaded-node'
  '@types/fs-extra': ^8.0.0
  '@types/js-yaml': ^3.12.1
  '@types/minimatch': ^3.0.3
  fs-extra: ^8.1.0
  fs-tree-utils: ^0.1.7
  js-yaml: ^3.13.1
  minimatch: ^3.0.4
  tslib: ^1.10.0
