dependencies:
  '@tools/places': 'link:../places'
  '@tools/preloaded-node': 'link:../preloaded-node'
  '@types/fs-extra': 5.0.5
  '@types/js-yaml': 3.12.0
  '@types/minimatch': 3.0.3
  fs-extra: 7.0.1
  fs-tree-utils: 0.1.6
  js-yaml: 3.12.2
  minimatch: 3.0.4
  tslib: 1.9.3
lockfileVersion: 5
packages:
  /@types/fs-extra/5.0.5:
    dependencies:
      '@types/node': 11.11.1
    dev: false
    resolution:
      integrity: sha512-w7iqhDH9mN8eLClQOYTkhdYUOSpp25eXxfc6VbFOGtzxW34JcvctH2bKjj4jD4++z4R5iO5D+pg48W2e03I65A==
  /@types/js-yaml/3.12.0:
    dev: false
    resolution:
      integrity: sha512-UGEe/6RsNAxgWdknhzFZbCxuYc5I7b/YEKlfKbo+76SM8CJzGs7XKCj7zyugXViRbKYpXhSXhCYVQZL5tmDbpQ==
  /@types/minimatch/3.0.3:
    dev: false
    resolution:
      integrity: sha512-tHq6qdbT9U1IRSGf14CL0pUlULksvY9OZ+5eEgl1N7t+OA3tGvNpxJCzuKQlsNgCVwbAs670L1vcVQi8j9HjnA==
  /@types/node/10.12.30:
    dev: false
    resolution:
      integrity: sha512-nsqTN6zUcm9xtdJiM9OvOJ5EF0kOI8f1Zuug27O/rgtxCRJHGqncSWfCMZUP852dCKPsDsYXGvBhxfRjDBkF5Q==
  /@types/node/11.11.1:
    dev: false
    resolution:
      integrity: sha512-2azXFP9n4aA2QNLkKm/F9pzKxgYj1SMawZ5Eh9iC21RH3XNcFsivLVU2NhpMgQm7YobSByvIol4c42ZFusXFHQ==
  /@types/ramda/0.25.51:
    dev: false
    resolution:
      integrity: sha512-xcmtfHIgF9SYjhGdsZR1nQslxG4hu0cIpFfLQ4CWdw3KzHvl7ki1AzFLQUkbDTG42ZN3ZsQfdRzXRlkAvbIy5Q==
  /argparse/1.0.10:
    dependencies:
      sprintf-js: 1.0.3
    dev: false
    resolution:
      integrity: sha512-o5Roy6tNG4SL/FOkCAN6RzjiakZS25RLYFrcMttJqbdd8BWrnA+fGz57iN5Pb06pvBGvl5gQ0B48dJlslXvoTg==
  /balanced-match/1.0.0:
    dev: false
    resolution:
      integrity: sha1-ibTRmasr7kneFk6gK4nORi1xt2c=
  /brace-expansion/1.1.11:
    dependencies:
      balanced-match: 1.0.0
      concat-map: 0.0.1
    dev: false
    resolution:
      integrity: sha512-iCuPHDFgrHX7H2vEI/5xpz07zSHB00TpugqhmYtVmMO6518mCuRMoOYFldEBl0g187ufozdaHgWKcYFb61qGiA==
  /concat-map/0.0.1:
    dev: false
    resolution:
      integrity: sha1-2Klr13/Wjfd5OnMDajug1UBdR3s=
  /esprima/4.0.1:
    dev: false
    engines:
      node: '>=4'
    hasBin: true
    resolution:
      integrity: sha512-eGuFFw7Upda+g4p+QHvnW0RyTX/SVeJBDM/gCtMARO0cLuT2HcEKnTPvhjV6aGeqrCB/sbNop0Kszm0jsaWU4A==
  /fs-extra/7.0.1:
    dependencies:
      graceful-fs: 4.1.15
      jsonfile: 4.0.0
      universalify: 0.1.2
    dev: false
    engines:
      node: '>=6 <7 || >=8'
    resolution:
      integrity: sha512-YJDaCJZEnBmcbw13fvdAM9AwNOJwOzrE4pqMqBq5nFiEqXUqHwlK4B+3pUw6JNvfSPtX05xFHtYy/1ni01eGCw==
  /fs-tree-utils/0.1.6:
    dependencies:
      '@types/fs-extra': 5.0.5
      '@types/node': 10.12.30
      '@types/ramda': 0.25.51
      fs-extra: 7.0.1
      monorepo-shared-assets: 0.0.17
      ramda: 0.25.0
      tslib: 1.9.3
    dev: false
    engines:
      node: '>= 8.9.0'
    resolution:
      integrity: sha512-qsOeiFlr2zfQXkLziZh5FLxRPHmUm3Cfwj4cTjVVVij1gtHGkS11/6nxGA1l7ndvb2d+iKiQartR0cewodT5zg==
  /graceful-fs/4.1.15:
    dev: false
    resolution:
      integrity: sha512-6uHUhOPEBgQ24HM+r6b/QwWfZq+yiFcipKFrOFiBEnWdy5sdzYoi+pJeQaPI5qOLRFqWmAXUPQNsielzdLoecA==
  /immutable/3.8.2:
    dev: false
    engines:
      node: '>=0.10.0'
    resolution:
      integrity: sha1-wkOZUUVbs5kT2vKBN28VMOEErfM=
  /js-yaml/3.12.2:
    dependencies:
      argparse: 1.0.10
      esprima: 4.0.1
    dev: false
    hasBin: true
    resolution:
      integrity: sha512-QHn/Lh/7HhZ/Twc7vJYQTkjuCa0kaCcDcjK5Zlk2rvnUpy7DxMJ23+Jc2dcyvltwQVg1nygAVlB2oRDFHoRS5Q==
  /jsonfile/4.0.0:
    dev: false
    optionalDependencies:
      graceful-fs: 4.1.15
    resolution:
      integrity: sha1-h3Gq4HmbZAdrdmQPygWPnBDjPss=
  /minimatch/3.0.4:
    dependencies:
      brace-expansion: 1.1.11
    dev: false
    resolution:
      integrity: sha512-yJHVQEhyqPLUTgt9B83PXu6W3rx4MvvHvSUvToogpwoGDOUQ+yDrR0HRot+yOCdCO7u4hX3pWft6kWBBcqh0UA==
  /monorepo-shared-assets/0.0.17:
    dependencies:
      '@types/node': 10.12.30
      '@types/ramda': 0.25.51
      immutable: 3.8.2
      ramda: 0.25.0
      tslib: 1.9.3
    dev: false
    engines:
      node: '>= 8.9.0'
    resolution:
      integrity: sha512-A0Y2mZ06vwBR0fyZdZZPn5MJcaIcxfs7BGGv9SU82c6e6k6UwnEQWmVx4LkiVvlnwgKI7+MVIFwMwTZhRGM+eQ==
  /ramda/0.25.0:
    dev: false
    resolution:
      integrity: sha512-GXpfrYVPwx3K7RQ6aYT8KPS8XViSXUVJT1ONhoKPE9VAleW42YE+U+8VEyGWt41EnEQW7gwecYJriTI0pKoecQ==
  /sprintf-js/1.0.3:
    dev: false
    resolution:
      integrity: sha1-BOaSb2YolTVPPdAVIDYzuFcpfiw=
  /tslib/1.9.3:
    dev: false
    resolution:
      integrity: sha512-4krF8scpejhaOgqzBEcGM7yDIEfi0/8+8zDRZhNZZ2kjmHJ4hv3zCbQWxoJGz1iw5U0Jl0nma13xzHXcncMavQ==
  /universalify/0.1.2:
    dev: false
    engines:
      node: '>= 4.0.0'
    resolution:
      integrity: sha512-rBJeI5CXAlmy1pV+617WB9J63U6XcazHHF2f2dbJix4XzpUF0RS3Zbj0FGIOCAva5P/d/GBOYaACQ1w+0azUkg==
specifiers:
  '@tools/places': 'file:../places'
  '@tools/preloaded-node': 'file:../preloaded-node'
  '@types/fs-extra': ^5.0.5
  '@types/js-yaml': ^3.12.0
  '@types/minimatch': ^3.0.3
  fs-extra: ^7.0.1
  fs-tree-utils: ^0.1.6
  js-yaml: ^3.12.2
  minimatch: ^3.0.4
  tslib: ^1.9.3
