dependencies:
  '@types/node': 12.7.4
  tslib: 1.10.0
lockfileVersion: 5.1
packages:
  /@types/node/12.7.4:
    dev: false
    resolution:
      integrity: sha512-W0+n1Y+gK/8G2P/piTkBBN38Qc5Q1ZSO6B5H3QmPCUewaiXOo2GCAWZ4ElZCcNhjJuBSUSLGFUJnmlCn5+nxOQ==
  /tslib/1.10.0:
    dev: false
    resolution:
      integrity: sha512-qOebF53frne81cf0S9B41ByenJ3/IuH8yJKngAX35CmiZySA0khhkovshKK+jGCaMnVomla7gVlIcc3EvKPbTQ==
specifiers:
  '@types/node': ^12.7.4
  tslib: ^1.10.0
