dependencies:
  '@types/node': 14.11.2
  tslib: 2.0.1
lockfileVersion: 5.2
packages:
  /@types/node/14.11.2:
    dev: false
    resolution:
      integrity: sha512-jiE3QIxJ8JLNcb1Ps6rDbysDhN4xa8DJJvuC9prr6w+1tIh+QAbYyNF3tyiZNLDBIuBCf4KEcV2UvQm/V60xfA==
  /tslib/2.0.1:
    dev: false
    resolution:
      integrity: sha512-SgIkNheinmEBgx1IUNirK0TUD4X9yjjBRTqqjggWCU3pUEqIk3/Uwl3yRixYKT6WjQuGiwDv4NomL3wqRCj+CQ==
specifiers:
  '@types/node': ^14.11.2
  tslib: ^2.0.1
