dependencies:
  '@tools/gh-pages': 'link:../gh-pages'
  '@tools/places': 'link:../places'
  '@tools/preloaded-node': 'link:../preloaded-node'
lockfileVersion: 5.2
specifiers:
  '@tools/gh-pages': 'file:../gh-pages'
  '@tools/places': 'file:../places'
  '@tools/preloaded-node': 'file:../preloaded-node'
